
Microsoft Visual Studio Solution File, Format Version 12.00
# Visual Studio 2012
Project("{FAE04EC0-301F-11D3-BF4B-00C04F79EFBC}") = "SecurityLibrary", "SecurityLibrary\SecurityLibrary.csproj", "{9E12539A-2B9C-4416-AE07-8090CFB7E3A4}"
EndProject
Project("{FAE04EC0-301F-11D3-BF4B-00C04F79EFBC}") = "CommonLibrary", "CommonLibrary\CommonLibrary.csproj", "{20CC6940-4804-4CA5-A22D-795F7C7BFA8C}"
EndProject
Project("{FAE04EC0-301F-11D3-BF4B-00C04F79EFBC}") = "ExtersionLibrary", "ExtersionLibrary\ExtersionLibrary.csproj", "{43E9B3A8-4477-468A-9D3B-F3F0A9A0A6BF}"
EndProject
Project("{FAE04EC0-301F-11D3-BF4B-00C04F79EFBC}") = "WebControlLibrary", "WebControlLibrary\WebControlLibrary.csproj", "{58CD2E46-CBA5-4BE7-A3FF-FC37CF91986E}"
EndProject
Project("{FAE04EC0-301F-11D3-BF4B-00C04F79EFBC}") = "NetworkLibrary", "NetworkLibrary\NetworkLibrary.csproj", "{01EBD5A0-1413-40F6-AFAA-74CD4752AA42}"
EndProject
Project("{FAE04EC0-301F-11D3-BF4B-00C04F79EFBC}") = "ConsoleTest", "ConsoleTest\ConsoleTest.csproj", "{B97AB85E-08B5-4F09-9E41-3D92A4786EF2}"
EndProject
Global
	GlobalSection(SolutionConfigurationPlatforms) = preSolution
		Debug|Any CPU = Debug|Any CPU
		Release|Any CPU = Release|Any CPU
	EndGlobalSection
	GlobalSection(ProjectConfigurationPlatforms) = postSolution
		{9E12539A-2B9C-4416-AE07-8090CFB7E3A4}.Debug|Any CPU.ActiveCfg = Debug|Any CPU
		{9E12539A-2B9C-4416-AE07-8090CFB7E3A4}.Debug|Any CPU.Build.0 = Debug|Any CPU
		{9E12539A-2B9C-4416-AE07-8090CFB7E3A4}.Release|Any CPU.ActiveCfg = Release|Any CPU
		{9E12539A-2B9C-4416-AE07-8090CFB7E3A4}.Release|Any CPU.Build.0 = Release|Any CPU
		{20CC6940-4804-4CA5-A22D-795F7C7BFA8C}.Debug|Any CPU.ActiveCfg = Debug|Any CPU
		{20CC6940-4804-4CA5-A22D-795F7C7BFA8C}.Debug|Any CPU.Build.0 = Debug|Any CPU
		{20CC6940-4804-4CA5-A22D-795F7C7BFA8C}.Release|Any CPU.ActiveCfg = Release|Any CPU
		{20CC6940-4804-4CA5-A22D-795F7C7BFA8C}.Release|Any CPU.Build.0 = Release|Any CPU
		{43E9B3A8-4477-468A-9D3B-F3F0A9A0A6BF}.Debug|Any CPU.ActiveCfg = Debug|Any CPU
		{43E9B3A8-4477-468A-9D3B-F3F0A9A0A6BF}.Debug|Any CPU.Build.0 = Debug|Any CPU
		{43E9B3A8-4477-468A-9D3B-F3F0A9A0A6BF}.Release|Any CPU.ActiveCfg = Release|Any CPU
		{43E9B3A8-4477-468A-9D3B-F3F0A9A0A6BF}.Release|Any CPU.Build.0 = Release|Any CPU
		{58CD2E46-CBA5-4BE7-A3FF-FC37CF91986E}.Debug|Any CPU.ActiveCfg = Debug|Any CPU
		{58CD2E46-CBA5-4BE7-A3FF-FC37CF91986E}.Debug|Any CPU.Build.0 = Debug|Any CPU
		{58CD2E46-CBA5-4BE7-A3FF-FC37CF91986E}.Release|Any CPU.ActiveCfg = Release|Any CPU
		{58CD2E46-CBA5-4BE7-A3FF-FC37CF91986E}.Release|Any CPU.Build.0 = Release|Any CPU
		{01EBD5A0-1413-40F6-AFAA-74CD4752AA42}.Debug|Any CPU.ActiveCfg = Debug|Any CPU
		{01EBD5A0-1413-40F6-AFAA-74CD4752AA42}.Debug|Any CPU.Build.0 = Debug|Any CPU
		{01EBD5A0-1413-40F6-AFAA-74CD4752AA42}.Release|Any CPU.ActiveCfg = Release|Any CPU
		{01EBD5A0-1413-40F6-AFAA-74CD4752AA42}.Release|Any CPU.Build.0 = Release|Any CPU
		{B97AB85E-08B5-4F09-9E41-3D92A4786EF2}.Debug|Any CPU.ActiveCfg = Debug|Any CPU
		{B97AB85E-08B5-4F09-9E41-3D92A4786EF2}.Debug|Any CPU.Build.0 = Debug|Any CPU
		{B97AB85E-08B5-4F09-9E41-3D92A4786EF2}.Release|Any CPU.ActiveCfg = Release|Any CPU
		{B97AB85E-08B5-4F09-9E41-3D92A4786EF2}.Release|Any CPU.Build.0 = Release|Any CPU
	EndGlobalSection
	GlobalSection(SolutionProperties) = preSolution
		HideSolutionNode = FALSE
	EndGlobalSection
EndGlobal
